
Microsoft Visual Studio Solution File, Format Version 12.00
# Visual Studio 15
VisualStudioVersion = 15.0.27428.2037
MinimumVisualStudioVersion = 10.0.40219.1
Project("{FAE04EC0-301F-11D3-BF4B-00C04F79EFBC}") = "Bootsmarkt", "Bootsmarkt\Bootsmarkt.csproj", "{3158BD3D-2552-4054-BB1C-C935ED722B40}"
EndProject
Global
	GlobalSection(SolutionConfigurationPlatforms) = preSolution
		Debug|Any CPU = Debug|Any CPU
		Release|Any CPU = Release|Any CPU
	EndGlobalSection
	GlobalSection(ProjectConfigurationPlatforms) = postSolution
		{3158BD3D-2552-4054-BB1C-C935ED722B40}.Debug|Any CPU.ActiveCfg = Debug|Any CPU
		{3158BD3D-2552-4054-BB1C-C935ED722B40}.Debug|Any CPU.Build.0 = Debug|Any CPU
		{3158BD3D-2552-4054-BB1C-C935ED722B40}.Release|Any CPU.ActiveCfg = Release|Any CPU
		{3158BD3D-2552-4054-BB1C-C935ED722B40}.Release|Any CPU.Build.0 = Release|Any CPU
	EndGlobalSection
	GlobalSection(SolutionProperties) = preSolution
		HideSolutionNode = FALSE
	EndGlobalSection
	GlobalSection(ExtensibilityGlobals) = postSolution
		SolutionGuid = {74F17878-C616-464E-9C39-FDAF5F0D7607}
	EndGlobalSection
EndGlobal
